<Solution>
  <Project Path="Convolution.Core/Convolution.Core.csproj" />
  <Project Path="Convolution.Driver/Convolution.Driver.csproj" />
  <Project Path="Convolution.Impl/Convolution.Impl.csproj" />
  <Project Path="Convolution.Measurement/Convolution.Measurement.csproj" />
  <Project Path="Convolution.Tests/Convolution.Tests.csproj" />
</Solution>
